
Microsoft Visual Studio Solution File, Format Version 12.00
# Visual Studio Version 17
VisualStudioVersion = 17.3.32811.315
MinimumVisualStudioVersion = 10.0.40219.1
Project("{9A19103F-16F7-4668-BE54-9A1E7A4F7556}") = "Kampİntro", "Kampİntro\Kampİntro.csproj", "{45012123-A26B-4D47-BD00-A072EE9EE5CE}"
EndProject
Project("{9A19103F-16F7-4668-BE54-9A1E7A4F7556}") = "Donguler", "Donguler\Donguler.csproj", "{05ED08F6-1270-4284-B65F-01D62670242A}"
EndProject
Project("{9A19103F-16F7-4668-BE54-9A1E7A4F7556}") = "ClassIntro", "ClassIntro\ClassIntro.csproj", "{8D04677E-5BFF-4179-A017-8CB7806094A2}"
EndProject
Project("{9A19103F-16F7-4668-BE54-9A1E7A4F7556}") = "Metotlar", "Metotlar\Metotlar.csproj", "{3B7E611F-6000-44D7-8179-D11DD98FC629}"
EndProject
Project("{9A19103F-16F7-4668-BE54-9A1E7A4F7556}") = "Matematik", "Matematik\Matematik.csproj", "{4D673AE0-D4ED-4E4E-9D47-654329DE623C}"
EndProject
Project("{9A19103F-16F7-4668-BE54-9A1E7A4F7556}") = "DegerVeReferansTipler", "DegerVeReferansTipler\DegerVeReferansTipler.csproj", "{6D28D82E-6A59-4CF3-B2EB-DF1FC5534EB6}"
EndProject
Project("{9A19103F-16F7-4668-BE54-9A1E7A4F7556}") = "OOP1", "OOP1\OOP1.csproj", "{3BA589DA-9972-41AA-B9EB-BEF7B3DDE152}"
EndProject
Project("{FAE04EC0-301F-11D3-BF4B-00C04F79EFBC}") = "Koleksiyonlar", "Koleksiyonlar\Koleksiyonlar.csproj", "{91B4BC1A-FD45-489C-9987-BCE4094C5690}"
EndProject
Project("{FAE04EC0-301F-11D3-BF4B-00C04F79EFBC}") = "GenericsIntro", "GenericsIntro\GenericsIntro.csproj", "{F3BFAD09-69DD-4386-A042-6440F6640A93}"
EndProject
Global
	GlobalSection(SolutionConfigurationPlatforms) = preSolution
		Debug|Any CPU = Debug|Any CPU
		Release|Any CPU = Release|Any CPU
	EndGlobalSection
	GlobalSection(ProjectConfigurationPlatforms) = postSolution
		{45012123-A26B-4D47-BD00-A072EE9EE5CE}.Debug|Any CPU.ActiveCfg = Debug|Any CPU
		{45012123-A26B-4D47-BD00-A072EE9EE5CE}.Debug|Any CPU.Build.0 = Debug|Any CPU
		{45012123-A26B-4D47-BD00-A072EE9EE5CE}.Release|Any CPU.ActiveCfg = Release|Any CPU
		{45012123-A26B-4D47-BD00-A072EE9EE5CE}.Release|Any CPU.Build.0 = Release|Any CPU
		{05ED08F6-1270-4284-B65F-01D62670242A}.Debug|Any CPU.ActiveCfg = Debug|Any CPU
		{05ED08F6-1270-4284-B65F-01D62670242A}.Debug|Any CPU.Build.0 = Debug|Any CPU
		{05ED08F6-1270-4284-B65F-01D62670242A}.Release|Any CPU.ActiveCfg = Release|Any CPU
		{05ED08F6-1270-4284-B65F-01D62670242A}.Release|Any CPU.Build.0 = Release|Any CPU
		{8D04677E-5BFF-4179-A017-8CB7806094A2}.Debug|Any CPU.ActiveCfg = Debug|Any CPU
		{8D04677E-5BFF-4179-A017-8CB7806094A2}.Debug|Any CPU.Build.0 = Debug|Any CPU
		{8D04677E-5BFF-4179-A017-8CB7806094A2}.Release|Any CPU.ActiveCfg = Release|Any CPU
		{8D04677E-5BFF-4179-A017-8CB7806094A2}.Release|Any CPU.Build.0 = Release|Any CPU
		{3B7E611F-6000-44D7-8179-D11DD98FC629}.Debug|Any CPU.ActiveCfg = Debug|Any CPU
		{3B7E611F-6000-44D7-8179-D11DD98FC629}.Debug|Any CPU.Build.0 = Debug|Any CPU
		{3B7E611F-6000-44D7-8179-D11DD98FC629}.Release|Any CPU.ActiveCfg = Release|Any CPU
		{3B7E611F-6000-44D7-8179-D11DD98FC629}.Release|Any CPU.Build.0 = Release|Any CPU
		{4D673AE0-D4ED-4E4E-9D47-654329DE623C}.Debug|Any CPU.ActiveCfg = Debug|Any CPU
		{4D673AE0-D4ED-4E4E-9D47-654329DE623C}.Debug|Any CPU.Build.0 = Debug|Any CPU
		{4D673AE0-D4ED-4E4E-9D47-654329DE623C}.Release|Any CPU.ActiveCfg = Release|Any CPU
		{4D673AE0-D4ED-4E4E-9D47-654329DE623C}.Release|Any CPU.Build.0 = Release|Any CPU
		{6D28D82E-6A59-4CF3-B2EB-DF1FC5534EB6}.Debug|Any CPU.ActiveCfg = Debug|Any CPU
		{6D28D82E-6A59-4CF3-B2EB-DF1FC5534EB6}.Debug|Any CPU.Build.0 = Debug|Any CPU
		{6D28D82E-6A59-4CF3-B2EB-DF1FC5534EB6}.Release|Any CPU.ActiveCfg = Release|Any CPU
		{6D28D82E-6A59-4CF3-B2EB-DF1FC5534EB6}.Release|Any CPU.Build.0 = Release|Any CPU
		{3BA589DA-9972-41AA-B9EB-BEF7B3DDE152}.Debug|Any CPU.ActiveCfg = Debug|Any CPU
		{3BA589DA-9972-41AA-B9EB-BEF7B3DDE152}.Debug|Any CPU.Build.0 = Debug|Any CPU
		{3BA589DA-9972-41AA-B9EB-BEF7B3DDE152}.Release|Any CPU.ActiveCfg = Release|Any CPU
		{3BA589DA-9972-41AA-B9EB-BEF7B3DDE152}.Release|Any CPU.Build.0 = Release|Any CPU
		{91B4BC1A-FD45-489C-9987-BCE4094C5690}.Debug|Any CPU.ActiveCfg = Debug|Any CPU
		{91B4BC1A-FD45-489C-9987-BCE4094C5690}.Debug|Any CPU.Build.0 = Debug|Any CPU
		{91B4BC1A-FD45-489C-9987-BCE4094C5690}.Release|Any CPU.ActiveCfg = Release|Any CPU
		{91B4BC1A-FD45-489C-9987-BCE4094C5690}.Release|Any CPU.Build.0 = Release|Any CPU
		{F3BFAD09-69DD-4386-A042-6440F6640A93}.Debug|Any CPU.ActiveCfg = Debug|Any CPU
		{F3BFAD09-69DD-4386-A042-6440F6640A93}.Debug|Any CPU.Build.0 = Debug|Any CPU
		{F3BFAD09-69DD-4386-A042-6440F6640A93}.Release|Any CPU.ActiveCfg = Release|Any CPU
		{F3BFAD09-69DD-4386-A042-6440F6640A93}.Release|Any CPU.Build.0 = Release|Any CPU
	EndGlobalSection
	GlobalSection(SolutionProperties) = preSolution
		HideSolutionNode = FALSE
	EndGlobalSection
	GlobalSection(ExtensibilityGlobals) = postSolution
		SolutionGuid = {F773BFA6-0027-468A-8379-8CE72DB20B6A}
	EndGlobalSection
EndGlobal
