
Microsoft Visual Studio Solution File, Format Version 12.00
# Visual Studio Version 17
VisualStudioVersion = 17.3.32811.315
MinimumVisualStudioVersion = 10.0.40219.1
Project("{9A19103F-16F7-4668-BE54-9A1E7A4F7556}") = "Kampİntro", "Kampİntro\Kampİntro.csproj", "{45012123-A26B-4D47-BD00-A072EE9EE5CE}"
EndProject
Project("{9A19103F-16F7-4668-BE54-9A1E7A4F7556}") = "Donguler", "Donguler\Donguler.csproj", "{05ED08F6-1270-4284-B65F-01D62670242A}"
EndProject
Project("{9A19103F-16F7-4668-BE54-9A1E7A4F7556}") = "ClassIntro", "ClassIntro\ClassIntro.csproj", "{8D04677E-5BFF-4179-A017-8CB7806094A2}"
EndProject
Project("{9A19103F-16F7-4668-BE54-9A1E7A4F7556}") = "Metotlar", "Metotlar\Metotlar.csproj", "{3B7E611F-6000-44D7-8179-D11DD98FC629}"
EndProject
Project("{9A19103F-16F7-4668-BE54-9A1E7A4F7556}") = "Matematik", "Matematik\Matematik.csproj", "{4D673AE0-D4ED-4E4E-9D47-654329DE623C}"
EndProject
Project("{9A19103F-16F7-4668-BE54-9A1E7A4F7556}") = "DegerVeReferansTipler", "DegerVeReferansTipler\DegerVeReferansTipler.csproj", "{6D28D82E-6A59-4CF3-B2EB-DF1FC5534EB6}"
EndProject
Project("{9A19103F-16F7-4668-BE54-9A1E7A4F7556}") = "OOP1", "OOP1\OOP1.csproj", "{BB375271-F794-4BE9-B26B-8ED4FCB344E3}"
EndProject
Project("{9A19103F-16F7-4668-BE54-9A1E7A4F7556}") = "Koleksiyonlar", "Koleksiyonlar\Koleksiyonlar.csproj", "{B73AD57B-3299-401F-9BE1-AEFFE2A9F746}"
EndProject
Project("{9A19103F-16F7-4668-BE54-9A1E7A4F7556}") = "Constructors", "Constructors\Constructors.csproj", "{5F3E1903-630C-4072-A613-CDB97EADB177}"
EndProject
Project("{9A19103F-16F7-4668-BE54-9A1E7A4F7556}") = "MyDictionary", "MyDictionary\MyDictionary.csproj", "{84295F32-C8FE-4328-9ED0-720824DB1A02}"
EndProject
Project("{9A19103F-16F7-4668-BE54-9A1E7A4F7556}") = "Metot_Hafta3_Odev1", "Metot_Hafta3_Odev1\Metot_Hafta3_Odev1.csproj", "{8B5248AA-C89F-4A0D-8BE2-11EAC112796B}"
EndProject
Project("{9A19103F-16F7-4668-BE54-9A1E7A4F7556}") = "Constructors_2", "Constructors_2\Constructors_2.csproj", "{245E759B-046C-4753-8EEA-CB701849BF67}"
EndProject
Project("{9A19103F-16F7-4668-BE54-9A1E7A4F7556}") = "DegerVeReferansTipler_2", "DegerVeReferansTipler_2\DegerVeReferansTipler_2.csproj", "{0933B929-54C0-43EC-B479-E0D0B54FE7C8}"
EndProject
Project("{9A19103F-16F7-4668-BE54-9A1E7A4F7556}") = "Generics", "Generics\Generics.csproj", "{F3E0220E-0520-47F7-B5F0-15509A0CCA12}"
EndProject
Project("{9A19103F-16F7-4668-BE54-9A1E7A4F7556}") = "OOP2", "OOP2\OOP2.csproj", "{B4747171-3F87-4057-B851-1F1BCF2DDF16}"
EndProject
Project("{FAE04EC0-301F-11D3-BF4B-00C04F79EFBC}") = "OOP3", "OOP3\OOP3.csproj", "{EDC05FAD-2382-4885-9AF5-CF73A74DC91C}"
EndProject
Project("{9A19103F-16F7-4668-BE54-9A1E7A4F7556}") = "Classes_Gun_5_Odev_1", "Classes_Gun_5_Odev_1\Classes_Gun_5_Odev_1.csproj", "{D347AA80-BEDF-4F63-850D-9E446CFD106C}"
EndProject
Project("{9A19103F-16F7-4668-BE54-9A1E7A4F7556}") = "RecapDemo_Gun_5_Odev_1", "RecapDemo_Gun_5_Odev_1\RecapDemo_Gun_5_Odev_1.csproj", "{2C4D7C99-DE70-414A-A2DC-32312B0AA353}"
EndProject
Project("{FAE04EC0-301F-11D3-BF4B-00C04F79EFBC}") = "Interfaces_Gun_5_Odev_1", "Interfaces_Gun_5_Odev_1\Interfaces_Gun_5_Odev_1.csproj", "{EC8AC702-275E-440D-8251-E0A881DF6860}"
EndProject
Project("{FAE04EC0-301F-11D3-BF4B-00C04F79EFBC}") = "Inheritance_Gun_5_Odev_1", "Inheritance_Gun_5_Odev_1\Inheritance_Gun_5_Odev_1.csproj", "{D2717D14-38F6-4B46-9454-E0B3DC6DB085}"
EndProject
Global
	GlobalSection(SolutionConfigurationPlatforms) = preSolution
		Debug|Any CPU = Debug|Any CPU
		Release|Any CPU = Release|Any CPU
	EndGlobalSection
	GlobalSection(ProjectConfigurationPlatforms) = postSolution
		{45012123-A26B-4D47-BD00-A072EE9EE5CE}.Debug|Any CPU.ActiveCfg = Debug|Any CPU
		{45012123-A26B-4D47-BD00-A072EE9EE5CE}.Debug|Any CPU.Build.0 = Debug|Any CPU
		{45012123-A26B-4D47-BD00-A072EE9EE5CE}.Release|Any CPU.ActiveCfg = Release|Any CPU
		{45012123-A26B-4D47-BD00-A072EE9EE5CE}.Release|Any CPU.Build.0 = Release|Any CPU
		{05ED08F6-1270-4284-B65F-01D62670242A}.Debug|Any CPU.ActiveCfg = Debug|Any CPU
		{05ED08F6-1270-4284-B65F-01D62670242A}.Debug|Any CPU.Build.0 = Debug|Any CPU
		{05ED08F6-1270-4284-B65F-01D62670242A}.Release|Any CPU.ActiveCfg = Release|Any CPU
		{05ED08F6-1270-4284-B65F-01D62670242A}.Release|Any CPU.Build.0 = Release|Any CPU
		{8D04677E-5BFF-4179-A017-8CB7806094A2}.Debug|Any CPU.ActiveCfg = Debug|Any CPU
		{8D04677E-5BFF-4179-A017-8CB7806094A2}.Debug|Any CPU.Build.0 = Debug|Any CPU
		{8D04677E-5BFF-4179-A017-8CB7806094A2}.Release|Any CPU.ActiveCfg = Release|Any CPU
		{8D04677E-5BFF-4179-A017-8CB7806094A2}.Release|Any CPU.Build.0 = Release|Any CPU
		{3B7E611F-6000-44D7-8179-D11DD98FC629}.Debug|Any CPU.ActiveCfg = Debug|Any CPU
		{3B7E611F-6000-44D7-8179-D11DD98FC629}.Debug|Any CPU.Build.0 = Debug|Any CPU
		{3B7E611F-6000-44D7-8179-D11DD98FC629}.Release|Any CPU.ActiveCfg = Release|Any CPU
		{3B7E611F-6000-44D7-8179-D11DD98FC629}.Release|Any CPU.Build.0 = Release|Any CPU
		{4D673AE0-D4ED-4E4E-9D47-654329DE623C}.Debug|Any CPU.ActiveCfg = Debug|Any CPU
		{4D673AE0-D4ED-4E4E-9D47-654329DE623C}.Debug|Any CPU.Build.0 = Debug|Any CPU
		{4D673AE0-D4ED-4E4E-9D47-654329DE623C}.Release|Any CPU.ActiveCfg = Release|Any CPU
		{4D673AE0-D4ED-4E4E-9D47-654329DE623C}.Release|Any CPU.Build.0 = Release|Any CPU
		{6D28D82E-6A59-4CF3-B2EB-DF1FC5534EB6}.Debug|Any CPU.ActiveCfg = Debug|Any CPU
		{6D28D82E-6A59-4CF3-B2EB-DF1FC5534EB6}.Debug|Any CPU.Build.0 = Debug|Any CPU
		{6D28D82E-6A59-4CF3-B2EB-DF1FC5534EB6}.Release|Any CPU.ActiveCfg = Release|Any CPU
		{6D28D82E-6A59-4CF3-B2EB-DF1FC5534EB6}.Release|Any CPU.Build.0 = Release|Any CPU
		{5F3E1903-630C-4072-A613-CDB97EADB177}.Debug|Any CPU.ActiveCfg = Debug|Any CPU
		{5F3E1903-630C-4072-A613-CDB97EADB177}.Debug|Any CPU.Build.0 = Debug|Any CPU
		{5F3E1903-630C-4072-A613-CDB97EADB177}.Release|Any CPU.ActiveCfg = Release|Any CPU
		{5F3E1903-630C-4072-A613-CDB97EADB177}.Release|Any CPU.Build.0 = Release|Any CPU
		{84295F32-C8FE-4328-9ED0-720824DB1A02}.Debug|Any CPU.ActiveCfg = Debug|Any CPU
		{84295F32-C8FE-4328-9ED0-720824DB1A02}.Debug|Any CPU.Build.0 = Debug|Any CPU
		{84295F32-C8FE-4328-9ED0-720824DB1A02}.Release|Any CPU.ActiveCfg = Release|Any CPU
		{84295F32-C8FE-4328-9ED0-720824DB1A02}.Release|Any CPU.Build.0 = Release|Any CPU
		{8B5248AA-C89F-4A0D-8BE2-11EAC112796B}.Debug|Any CPU.ActiveCfg = Debug|Any CPU
		{8B5248AA-C89F-4A0D-8BE2-11EAC112796B}.Debug|Any CPU.Build.0 = Debug|Any CPU
		{8B5248AA-C89F-4A0D-8BE2-11EAC112796B}.Release|Any CPU.ActiveCfg = Release|Any CPU
		{8B5248AA-C89F-4A0D-8BE2-11EAC112796B}.Release|Any CPU.Build.0 = Release|Any CPU
		{245E759B-046C-4753-8EEA-CB701849BF67}.Debug|Any CPU.ActiveCfg = Debug|Any CPU
		{245E759B-046C-4753-8EEA-CB701849BF67}.Debug|Any CPU.Build.0 = Debug|Any CPU
		{245E759B-046C-4753-8EEA-CB701849BF67}.Release|Any CPU.ActiveCfg = Release|Any CPU
		{245E759B-046C-4753-8EEA-CB701849BF67}.Release|Any CPU.Build.0 = Release|Any CPU
		{0933B929-54C0-43EC-B479-E0D0B54FE7C8}.Debug|Any CPU.ActiveCfg = Debug|Any CPU
		{0933B929-54C0-43EC-B479-E0D0B54FE7C8}.Debug|Any CPU.Build.0 = Debug|Any CPU
		{0933B929-54C0-43EC-B479-E0D0B54FE7C8}.Release|Any CPU.ActiveCfg = Release|Any CPU
		{0933B929-54C0-43EC-B479-E0D0B54FE7C8}.Release|Any CPU.Build.0 = Release|Any CPU
		{F3E0220E-0520-47F7-B5F0-15509A0CCA12}.Debug|Any CPU.ActiveCfg = Debug|Any CPU
		{F3E0220E-0520-47F7-B5F0-15509A0CCA12}.Debug|Any CPU.Build.0 = Debug|Any CPU
		{F3E0220E-0520-47F7-B5F0-15509A0CCA12}.Release|Any CPU.ActiveCfg = Release|Any CPU
		{F3E0220E-0520-47F7-B5F0-15509A0CCA12}.Release|Any CPU.Build.0 = Release|Any CPU
		{B4747171-3F87-4057-B851-1F1BCF2DDF16}.Debug|Any CPU.ActiveCfg = Debug|Any CPU
		{B4747171-3F87-4057-B851-1F1BCF2DDF16}.Debug|Any CPU.Build.0 = Debug|Any CPU
		{B4747171-3F87-4057-B851-1F1BCF2DDF16}.Release|Any CPU.ActiveCfg = Release|Any CPU
		{B4747171-3F87-4057-B851-1F1BCF2DDF16}.Release|Any CPU.Build.0 = Release|Any CPU
		{EDC05FAD-2382-4885-9AF5-CF73A74DC91C}.Debug|Any CPU.ActiveCfg = Debug|Any CPU
		{EDC05FAD-2382-4885-9AF5-CF73A74DC91C}.Debug|Any CPU.Build.0 = Debug|Any CPU
		{EDC05FAD-2382-4885-9AF5-CF73A74DC91C}.Release|Any CPU.ActiveCfg = Release|Any CPU
		{EDC05FAD-2382-4885-9AF5-CF73A74DC91C}.Release|Any CPU.Build.0 = Release|Any CPU
		{D347AA80-BEDF-4F63-850D-9E446CFD106C}.Debug|Any CPU.ActiveCfg = Debug|Any CPU
		{D347AA80-BEDF-4F63-850D-9E446CFD106C}.Debug|Any CPU.Build.0 = Debug|Any CPU
		{D347AA80-BEDF-4F63-850D-9E446CFD106C}.Release|Any CPU.ActiveCfg = Release|Any CPU
		{D347AA80-BEDF-4F63-850D-9E446CFD106C}.Release|Any CPU.Build.0 = Release|Any CPU
		{2C4D7C99-DE70-414A-A2DC-32312B0AA353}.Debug|Any CPU.ActiveCfg = Debug|Any CPU
		{2C4D7C99-DE70-414A-A2DC-32312B0AA353}.Debug|Any CPU.Build.0 = Debug|Any CPU
		{2C4D7C99-DE70-414A-A2DC-32312B0AA353}.Release|Any CPU.ActiveCfg = Release|Any CPU
		{2C4D7C99-DE70-414A-A2DC-32312B0AA353}.Release|Any CPU.Build.0 = Release|Any CPU
		{EC8AC702-275E-440D-8251-E0A881DF6860}.Debug|Any CPU.ActiveCfg = Debug|Any CPU
		{EC8AC702-275E-440D-8251-E0A881DF6860}.Debug|Any CPU.Build.0 = Debug|Any CPU
		{EC8AC702-275E-440D-8251-E0A881DF6860}.Release|Any CPU.ActiveCfg = Release|Any CPU
		{EC8AC702-275E-440D-8251-E0A881DF6860}.Release|Any CPU.Build.0 = Release|Any CPU
		{D2717D14-38F6-4B46-9454-E0B3DC6DB085}.Debug|Any CPU.ActiveCfg = Debug|Any CPU
		{D2717D14-38F6-4B46-9454-E0B3DC6DB085}.Debug|Any CPU.Build.0 = Debug|Any CPU
		{D2717D14-38F6-4B46-9454-E0B3DC6DB085}.Release|Any CPU.ActiveCfg = Release|Any CPU
		{D2717D14-38F6-4B46-9454-E0B3DC6DB085}.Release|Any CPU.Build.0 = Release|Any CPU
	EndGlobalSection
	GlobalSection(SolutionProperties) = preSolution
		HideSolutionNode = FALSE
	EndGlobalSection
	GlobalSection(ExtensibilityGlobals) = postSolution
		SolutionGuid = {F773BFA6-0027-468A-8379-8CE72DB20B6A}
	EndGlobalSection
EndGlobal
